
Microsoft Visual Studio Solution File, Format Version 12.00
# Visual Studio Version 16
VisualStudioVersion = 16.0.31729.503
MinimumVisualStudioVersion = 10.0.40219.1
Project("{FAE04EC0-301F-11D3-BF4B-00C04F79EFBC}") = "MINESWEEPERprog2lab2", "MINESWEEPERprog2lab2.csproj", "{A5D17D12-0569-4C63-983B-0998CF291622}"
EndProject
Global
	GlobalSection(SolutionConfigurationPlatforms) = preSolution
		Debug|Any CPU = Debug|Any CPU
		Release|Any CPU = Release|Any CPU
	EndGlobalSection
	GlobalSection(ProjectConfigurationPlatforms) = postSolution
		{A5D17D12-0569-4C63-983B-0998CF291622}.Debug|Any CPU.ActiveCfg = Debug|Any CPU
		{A5D17D12-0569-4C63-983B-0998CF291622}.Debug|Any CPU.Build.0 = Debug|Any CPU
		{A5D17D12-0569-4C63-983B-0998CF291622}.Release|Any CPU.ActiveCfg = Release|Any CPU
		{A5D17D12-0569-4C63-983B-0998CF291622}.Release|Any CPU.Build.0 = Release|Any CPU
	EndGlobalSection
	GlobalSection(SolutionProperties) = preSolution
		HideSolutionNode = FALSE
	EndGlobalSection
	GlobalSection(ExtensibilityGlobals) = postSolution
		SolutionGuid = {20118442-0A51-4E7B-8EDC-1D0B2990429D}
	EndGlobalSection
EndGlobal
